// !$*UTF8*$!
{
	archiveVersion = 1;
	classes = {
	};
	objectVersion = 50;
	objects = {

/* Begin PBXBuildFile section */
		242C48D9AD5F227DEAA8B7A8 /* Pods_LiveStraming.framework in Frameworks */ = {isa = PBXBuildFile; fileRef = AC241C663432A8999D1D40D6 /* Pods_LiveStraming.framework */; };
		84ED577621E5D7EE00DBAAA9 /* AppDelegate.swift in Sources */ = {isa = PBXBuildFile; fileRef = 84ED577521E5D7EE00DBAAA9 /* AppDelegate.swift */; };
		84ED577821E5D7EE00DBAAA9 /* ViewController.swift in Sources */ = {isa = PBXBuildFile; fileRef = 84ED577721E5D7EE00DBAAA9 /* ViewController.swift */; };
		84ED577B21E5D7EE00DBAAA9 /* Main.storyboard in Resources */ = {isa = PBXBuildFile; fileRef = 84ED577921E5D7EE00DBAAA9 /* Main.storyboard */; };
		84ED577D21E5D7EF00DBAAA9 /* Assets.xcassets in Resources */ = {isa = PBXBuildFile; fileRef = 84ED577C21E5D7EF00DBAAA9 /* Assets.xcassets */; };
		84ED578021E5D7EF00DBAAA9 /* LaunchScreen.storyboard in Resources */ = {isa = PBXBuildFile; fileRef = 84ED577E21E5D7EF00DBAAA9 /* LaunchScreen.storyboard */; };
		84ED578821E5D95300DBAAA9 /* BroadCastViewController.swift in Sources */ = {isa = PBXBuildFile; fileRef = 84ED578721E5D95300DBAAA9 /* BroadCastViewController.swift */; };
		84ED578A21E5DA6700DBAAA9 /* Constant.swift in Sources */ = {isa = PBXBuildFile; fileRef = 84ED578921E5DA6700DBAAA9 /* Constant.swift */; };
		84ED578C21E5F20700DBAAA9 /* StramingPlayViewController.swift in Sources */ = {isa = PBXBuildFile; fileRef = 84ED578B21E5F20700DBAAA9 /* StramingPlayViewController.swift */; };
		84F56BE721E5F7D1000E6A84 /* IJKMediaFramework.framework in Frameworks */ = {isa = PBXBuildFile; fileRef = 84F56BE621E5F7D1000E6A84 /* IJKMediaFramework.framework */; };
/* End PBXBuildFile section */

/* Begin PBXFileReference section */
		1B3A69DB129E7FB1FB1E80C4 /* Pods-LiveStraming.release.xcconfig */ = {isa = PBXFileReference; includeInIndex = 1; lastKnownFileType = text.xcconfig; name = "Pods-LiveStraming.release.xcconfig"; path = "Pods/Target Support Files/Pods-LiveStraming/Pods-LiveStraming.release.xcconfig"; sourceTree = "<group>"; };
		84ED577221E5D7EE00DBAAA9 /* LiveStraming.app */ = {isa = PBXFileReference; explicitFileType = wrapper.application; includeInIndex = 0; path = LiveStraming.app; sourceTree = BUILT_PRODUCTS_DIR; };
		84ED577521E5D7EE00DBAAA9 /* AppDelegate.swift */ = {isa = PBXFileReference; lastKnownFileType = sourcecode.swift; path = AppDelegate.swift; sourceTree = "<group>"; };
		84ED577721E5D7EE00DBAAA9 /* ViewController.swift */ = {isa = PBXFileReference; lastKnownFileType = sourcecode.swift; path = ViewController.swift; sourceTree = "<group>"; };
		84ED577A21E5D7EE00DBAAA9 /* Base */ = {isa = PBXFileReference; lastKnownFileType = file.storyboard; name = Base; path = Base.lproj/Main.storyboard; sourceTree = "<group>"; };
		84ED577C21E5D7EF00DBAAA9 /* Assets.xcassets */ = {isa = PBXFileReference; lastKnownFileType = folder.assetcatalog; path = Assets.xcassets; sourceTree = "<group>"; };
		84ED577F21E5D7EF00DBAAA9 /* Base */ = {isa = PBXFileReference; lastKnownFileType = file.storyboard; name = Base; path = Base.lproj/LaunchScreen.storyboard; sourceTree = "<group>"; };
		84ED578121E5D7EF00DBAAA9 /* Info.plist */ = {isa = PBXFileReference; lastKnownFileType = text.plist.xml; path = Info.plist; sourceTree = "<group>"; };
		84ED578721E5D95300DBAAA9 /* BroadCastViewController.swift */ = {isa = PBXFileReference; lastKnownFileType = sourcecode.swift; path = BroadCastViewController.swift; sourceTree = "<group>"; };
		84ED578921E5DA6700DBAAA9 /* Constant.swift */ = {isa = PBXFileReference; lastKnownFileType = sourcecode.swift; path = Constant.swift; sourceTree = "<group>"; };
		84ED578B21E5F20700DBAAA9 /* StramingPlayViewController.swift */ = {isa = PBXFileReference; lastKnownFileType = sourcecode.swift; path = StramingPlayViewController.swift; sourceTree = "<group>"; };
		84F56BE621E5F7D1000E6A84 /* IJKMediaFramework.framework */ = {isa = PBXFileReference; lastKnownFileType = wrapper.framework; path = IJKMediaFramework.framework; sourceTree = "<group>"; };
		9D0D4C0006E00BF783264B82 /* Pods-LiveStraming.debug.xcconfig */ = {isa = PBXFileReference; includeInIndex = 1; lastKnownFileType = text.xcconfig; name = "Pods-LiveStraming.debug.xcconfig"; path = "Pods/Target Support Files/Pods-LiveStraming/Pods-LiveStraming.debug.xcconfig"; sourceTree = "<group>"; };
		AC241C663432A8999D1D40D6 /* Pods_LiveStraming.framework */ = {isa = PBXFileReference; explicitFileType = wrapper.framework; includeInIndex = 0; path = Pods_LiveStraming.framework; sourceTree = BUILT_PRODUCTS_DIR; };
/* End PBXFileReference section */

/* Begin PBXFrameworksBuildPhase section */
		84ED576F21E5D7EE00DBAAA9 /* Frameworks */ = {
			isa = PBXFrameworksBuildPhase;
			buildActionMask = 2147483647;
			files = (
				242C48D9AD5F227DEAA8B7A8 /* Pods_LiveStraming.framework in Frameworks */,
				84F56BE721E5F7D1000E6A84 /* IJKMediaFramework.framework in Frameworks */,
			);
			runOnlyForDeploymentPostprocessing = 0;
		};
/* End PBXFrameworksBuildPhase section */

/* Begin PBXGroup section */
		4671EED278E4BA34DE6C78F4 /* Pods */ = {
			isa = PBXGroup;
			children = (
				9D0D4C0006E00BF783264B82 /* Pods-LiveStraming.debug.xcconfig */,
				1B3A69DB129E7FB1FB1E80C4 /* Pods-LiveStraming.release.xcconfig */,
			);
			name = Pods;
			sourceTree = "<group>";
		};
		84ED576921E5D7EE00DBAAA9 = {
			isa = PBXGroup;
			children = (
				84ED577421E5D7EE00DBAAA9 /* LiveStraming */,
				84ED577321E5D7EE00DBAAA9 /* Products */,
				4671EED278E4BA34DE6C78F4 /* Pods */,
				ECC57C9630502A585A565D0C /* Frameworks */,
			);
			sourceTree = "<group>";
		};
		84ED577321E5D7EE00DBAAA9 /* Products */ = {
			isa = PBXGroup;
			children = (
				84ED577221E5D7EE00DBAAA9 /* LiveStraming.app */,
			);
			name = Products;
			sourceTree = "<group>";
		};
		84ED577421E5D7EE00DBAAA9 /* LiveStraming */ = {
			isa = PBXGroup;
			children = (
				84ED577521E5D7EE00DBAAA9 /* AppDelegate.swift */,
				84ED577721E5D7EE00DBAAA9 /* ViewController.swift */,
				84ED577921E5D7EE00DBAAA9 /* Main.storyboard */,
				84ED577C21E5D7EF00DBAAA9 /* Assets.xcassets */,
				84ED577E21E5D7EF00DBAAA9 /* LaunchScreen.storyboard */,
				84ED578121E5D7EF00DBAAA9 /* Info.plist */,
				84ED578721E5D95300DBAAA9 /* BroadCastViewController.swift */,
				84ED578921E5DA6700DBAAA9 /* Constant.swift */,
				84ED578B21E5F20700DBAAA9 /* StramingPlayViewController.swift */,
			);
			path = LiveStraming;
			sourceTree = "<group>";
		};
		ECC57C9630502A585A565D0C /* Frameworks */ = {
			isa = PBXGroup;
			children = (
				84F56BE621E5F7D1000E6A84 /* IJKMediaFramework.framework */,
				AC241C663432A8999D1D40D6 /* Pods_LiveStraming.framework */,
			);
			name = Frameworks;
			sourceTree = "<group>";
		};
/* End PBXGroup section */

/* Begin PBXNativeTarget section */
		84ED577121E5D7EE00DBAAA9 /* LiveStraming */ = {
			isa = PBXNativeTarget;
			buildConfigurationList = 84ED578421E5D7EF00DBAAA9 /* Build configuration list for PBXNativeTarget "LiveStraming" */;
			buildPhases = (
				F606D8CF023F856D0B1923D2 /* [CP] Check Pods Manifest.lock */,
				84ED576E21E5D7EE00DBAAA9 /* Sources */,
				84ED576F21E5D7EE00DBAAA9 /* Frameworks */,
				84ED577021E5D7EE00DBAAA9 /* Resources */,
				35AEE31BE8609BAD5EA3B9EE /* [CP] Embed Pods Frameworks */,
			);
			buildRules = (
			);
			dependencies = (
			);
			name = LiveStraming;
			productName = LiveStraming;
			productReference = 84ED577221E5D7EE00DBAAA9 /* LiveStraming.app */;
			productType = "com.apple.product-type.application";
		};
/* End PBXNativeTarget section */

/* Begin PBXProject section */
		84ED576A21E5D7EE00DBAAA9 /* Project object */ = {
			isa = PBXProject;
			attributes = {
				LastSwiftUpdateCheck = 1000;
				LastUpgradeCheck = 1000;
				ORGANIZATIONNAME = VISHAL;
				TargetAttributes = {
					84ED577121E5D7EE00DBAAA9 = {
						CreatedOnToolsVersion = 10.0;
					};
				};
			};
			buildConfigurationList = 84ED576D21E5D7EE00DBAAA9 /* Build configuration list for PBXProject "LiveStraming" */;
			compatibilityVersion = "Xcode 9.3";
			developmentRegion = en;
			hasScannedForEncodings = 0;
			knownRegions = (
				en,
				Base,
			);
			mainGroup = 84ED576921E5D7EE00DBAAA9;
			productRefGroup = 84ED577321E5D7EE00DBAAA9 /* Products */;
			projectDirPath = "";
			projectRoot = "";
			targets = (
				84ED577121E5D7EE00DBAAA9 /* LiveStraming */,
			);
		};
/* End PBXProject section */

/* Begin PBXResourcesBuildPhase section */
		84ED577021E5D7EE00DBAAA9 /* Resources */ = {
			isa = PBXResourcesBuildPhase;
			buildActionMask = 2147483647;
			files = (
				84ED578021E5D7EF00DBAAA9 /* LaunchScreen.storyboard in Resources */,
				84ED577D21E5D7EF00DBAAA9 /* Assets.xcassets in Resources */,
				84ED577B21E5D7EE00DBAAA9 /* Main.storyboard in Resources */,
			);
			runOnlyForDeploymentPostprocessing = 0;
		};
/* End PBXResourcesBuildPhase section */

/* Begin PBXShellScriptBuildPhase section */
		35AEE31BE8609BAD5EA3B9EE /* [CP] Embed Pods Frameworks */ = {
			isa = PBXShellScriptBuildPhase;
			buildActionMask = 2147483647;
			files = (
			);
			inputFileListPaths = (
			);
			inputPaths = (
				"${SRCROOT}/Pods/Target Support Files/Pods-LiveStraming/Pods-LiveStraming-frameworks.sh",
				"${BUILT_PRODUCTS_DIR}/LFLiveKit/LFLiveKit.framework",
				"${BUILT_PRODUCTS_DIR}/Socket.IO-Client-Swift/SocketIO.framework",
				"${BUILT_PRODUCTS_DIR}/StarscreamSocketIO/StarscreamSocketIO.framework",
			);
			name = "[CP] Embed Pods Frameworks";
			outputFileListPaths = (
			);
			outputPaths = (
				"${TARGET_BUILD_DIR}/${FRAMEWORKS_FOLDER_PATH}/LFLiveKit.framework",
				"${TARGET_BUILD_DIR}/${FRAMEWORKS_FOLDER_PATH}/SocketIO.framework",
				"${TARGET_BUILD_DIR}/${FRAMEWORKS_FOLDER_PATH}/StarscreamSocketIO.framework",
			);
			runOnlyForDeploymentPostprocessing = 0;
			shellPath = /bin/sh;
			shellScript = "\"${SRCROOT}/Pods/Target Support Files/Pods-LiveStraming/Pods-LiveStraming-frameworks.sh\"\n";
			showEnvVarsInLog = 0;
		};
		F606D8CF023F856D0B1923D2 /* [CP] Check Pods Manifest.lock */ = {
			isa = PBXShellScriptBuildPhase;
			buildActionMask = 2147483647;
			files = (
			);
			inputFileListPaths = (
			);
			inputPaths = (
				"${PODS_PODFILE_DIR_PATH}/Podfile.lock",
				"${PODS_ROOT}/Manifest.lock",
			);
			name = "[CP] Check Pods Manifest.lock";
			outputFileListPaths = (
			);
			outputPaths = (
				"$(DERIVED_FILE_DIR)/Pods-LiveStraming-checkManifestLockResult.txt",
			);
			runOnlyForDeploymentPostprocessing = 0;
			shellPath = /bin/sh;
			shellScript = "diff \"${PODS_PODFILE_DIR_PATH}/Podfile.lock\" \"${PODS_ROOT}/Manifest.lock\" > /dev/null\nif [ $? != 0 ] ; then\n    # print error to STDERR\n    echo \"error: The sandbox is not in sync with the Podfile.lock. Run 'pod install' or update your CocoaPods installation.\" >&2\n    exit 1\nfi\n# This output is used by Xcode 'outputs' to avoid re-running this script phase.\necho \"SUCCESS\" > \"${SCRIPT_OUTPUT_FILE_0}\"\n";
			showEnvVarsInLog = 0;
		};
/* End PBXShellScriptBuildPhase section */

/* Begin PBXSourcesBuildPhase section */
		84ED576E21E5D7EE00DBAAA9 /* Sources */ = {
			isa = PBXSourcesBuildPhase;
			buildActionMask = 2147483647;
			files = (
				84ED577821E5D7EE00DBAAA9 /* ViewController.swift in Sources */,
				84ED577621E5D7EE00DBAAA9 /* AppDelegate.swift in Sources */,
				84ED578C21E5F20700DBAAA9 /* StramingPlayViewController.swift in Sources */,
				84ED578821E5D95300DBAAA9 /* BroadCastViewController.swift in Sources */,
				84ED578A21E5DA6700DBAAA9 /* Constant.swift in Sources */,
			);
			runOnlyForDeploymentPostprocessing = 0;
		};
/* End PBXSourcesBuildPhase section */

/* Begin PBXVariantGroup section */
		84ED577921E5D7EE00DBAAA9 /* Main.storyboard */ = {
			isa = PBXVariantGroup;
			children = (
				84ED577A21E5D7EE00DBAAA9 /* Base */,
			);
			name = Main.storyboard;
			sourceTree = "<group>";
		};
		84ED577E21E5D7EF00DBAAA9 /* LaunchScreen.storyboard */ = {
			isa = PBXVariantGroup;
			children = (
				84ED577F21E5D7EF00DBAAA9 /* Base */,
			);
			name = LaunchScreen.storyboard;
			sourceTree = "<group>";
		};
/* End PBXVariantGroup section */

/* Begin XCBuildConfiguration section */
		84ED578221E5D7EF00DBAAA9 /* Debug */ = {
			isa = XCBuildConfiguration;
			buildSettings = {
				ALWAYS_SEARCH_USER_PATHS = NO;
				CLANG_ANALYZER_NONNULL = YES;
				CLANG_ANALYZER_NUMBER_OBJECT_CONVERSION = YES_AGGRESSIVE;
				CLANG_CXX_LANGUAGE_STANDARD = "gnu++14";
				CLANG_CXX_LIBRARY = "libc++";
				CLANG_ENABLE_MODULES = YES;
				CLANG_ENABLE_OBJC_ARC = YES;
				CLANG_ENABLE_OBJC_WEAK = YES;
				CLANG_WARN_BLOCK_CAPTURE_AUTORELEASING = YES;
				CLANG_WARN_BOOL_CONVERSION = YES;
				CLANG_WARN_COMMA = YES;
				CLANG_WARN_CONSTANT_CONVERSION = YES;
				CLANG_WARN_DEPRECATED_OBJC_IMPLEMENTATIONS = YES;
				CLANG_WARN_DIRECT_OBJC_ISA_USAGE = YES_ERROR;
				CLANG_WARN_DOCUMENTATION_COMMENTS = YES;
				CLANG_WARN_EMPTY_BODY = YES;
				CLANG_WARN_ENUM_CONVERSION = YES;
				CLANG_WARN_INFINITE_RECURSION = YES;
				CLANG_WARN_INT_CONVERSION = YES;
				CLANG_WARN_NON_LITERAL_NULL_CONVERSION = YES;
				CLANG_WARN_OBJC_IMPLICIT_RETAIN_SELF = YES;
				CLANG_WARN_OBJC_LITERAL_CONVERSION = YES;
				CLANG_WARN_OBJC_ROOT_CLASS = YES_ERROR;
				CLANG_WARN_RANGE_LOOP_ANALYSIS = YES;
				CLANG_WARN_STRICT_PROTOTYPES = YES;
				CLANG_WARN_SUSPICIOUS_MOVE = YES;
				CLANG_WARN_UNGUARDED_AVAILABILITY = YES_AGGRESSIVE;
				CLANG_WARN_UNREACHABLE_CODE = YES;
				CLANG_WARN__DUPLICATE_METHOD_MATCH = YES;
				CODE_SIGN_IDENTITY = "iPhone Developer";
				COPY_PHASE_STRIP = NO;
				DEBUG_INFORMATION_FORMAT = dwarf;
				ENABLE_STRICT_OBJC_MSGSEND = YES;
				ENABLE_TESTABILITY = YES;
				GCC_C_LANGUAGE_STANDARD = gnu11;
				GCC_DYNAMIC_NO_PIC = NO;
				GCC_NO_COMMON_BLOCKS = YES;
				GCC_OPTIMIZATION_LEVEL = 0;
				GCC_PREPROCESSOR_DEFINITIONS = (
					"DEBUG=1",
					"$(inherited)",
				);
				GCC_WARN_64_TO_32_BIT_CONVERSION = YES;
				GCC_WARN_ABOUT_RETURN_TYPE = YES_ERROR;
				GCC_WARN_UNDECLARED_SELECTOR = YES;
				GCC_WARN_UNINITIALIZED_AUTOS = YES_AGGRESSIVE;
				GCC_WARN_UNUSED_FUNCTION = YES;
				GCC_WARN_UNUSED_VARIABLE = YES;
				IPHONEOS_DEPLOYMENT_TARGET = 12.0;
				MTL_ENABLE_DEBUG_INFO = INCLUDE_SOURCE;
				MTL_FAST_MATH = YES;
				ONLY_ACTIVE_ARCH = YES;
				SDKROOT = iphoneos;
				SWIFT_ACTIVE_COMPILATION_CONDITIONS = DEBUG;
				SWIFT_OPTIMIZATION_LEVEL = "-Onone";
			};
			name = Debug;
		};
		84ED578321E5D7EF00DBAAA9 /* Release */ = {
			isa = XCBuildConfiguration;
			buildSettings = {
				ALWAYS_SEARCH_USER_PATHS = NO;
				CLANG_ANALYZER_NONNULL = YES;
				CLANG_ANALYZER_NUMBER_OBJECT_CONVERSION = YES_AGGRESSIVE;
				CLANG_CXX_LANGUAGE_STANDARD = "gnu++14";
				CLANG_CXX_LIBRARY = "libc++";
				CLANG_ENABLE_MODULES = YES;
				CLANG_ENABLE_OBJC_ARC = YES;
				CLANG_ENABLE_OBJC_WEAK = YES;
				CLANG_WARN_BLOCK_CAPTURE_AUTORELEASING = YES;
				CLANG_WARN_BOOL_CONVERSION = YES;
				CLANG_WARN_COMMA = YES;
				CLANG_WARN_CONSTANT_CONVERSION = YES;
				CLANG_WARN_DEPRECATED_OBJC_IMPLEMENTATIONS = YES;
				CLANG_WARN_DIRECT_OBJC_ISA_USAGE = YES_ERROR;
				CLANG_WARN_DOCUMENTATION_COMMENTS = YES;
				CLANG_WARN_EMPTY_BODY = YES;
				CLANG_WARN_ENUM_CONVERSION = YES;
				CLANG_WARN_INFINITE_RECURSION = YES;
				CLANG_WARN_INT_CONVERSION = YES;
				CLANG_WARN_NON_LITERAL_NULL_CONVERSION = YES;
				CLANG_WARN_OBJC_IMPLICIT_RETAIN_SELF = YES;
				CLANG_WARN_OBJC_LITERAL_CONVERSION = YES;
				CLANG_WARN_OBJC_ROOT_CLASS = YES_ERROR;
				CLANG_WARN_RANGE_LOOP_ANALYSIS = YES;
				CLANG_WARN_STRICT_PROTOTYPES = YES;
				CLANG_WARN_SUSPICIOUS_MOVE = YES;
				CLANG_WARN_UNGUARDED_AVAILABILITY = YES_AGGRESSIVE;
				CLANG_WARN_UNREACHABLE_CODE = YES;
				CLANG_WARN__DUPLICATE_METHOD_MATCH = YES;
				CODE_SIGN_IDENTITY = "iPhone Developer";
				COPY_PHASE_STRIP = NO;
				DEBUG_INFORMATION_FORMAT = "dwarf-with-dsym";
				ENABLE_NS_ASSERTIONS = NO;
				ENABLE_STRICT_OBJC_MSGSEND = YES;
				GCC_C_LANGUAGE_STANDARD = gnu11;
				GCC_NO_COMMON_BLOCKS = YES;
				GCC_WARN_64_TO_32_BIT_CONVERSION = YES;
				GCC_WARN_ABOUT_RETURN_TYPE = YES_ERROR;
				GCC_WARN_UNDECLARED_SELECTOR = YES;
				GCC_WARN_UNINITIALIZED_AUTOS = YES_AGGRESSIVE;
				GCC_WARN_UNUSED_FUNCTION = YES;
				GCC_WARN_UNUSED_VARIABLE = YES;
				IPHONEOS_DEPLOYMENT_TARGET = 12.0;
				MTL_ENABLE_DEBUG_INFO = NO;
				MTL_FAST_MATH = YES;
				SDKROOT = iphoneos;
				SWIFT_COMPILATION_MODE = wholemodule;
				SWIFT_OPTIMIZATION_LEVEL = "-O";
				VALIDATE_PRODUCT = YES;
			};
			name = Release;
		};
		84ED578521E5D7EF00DBAAA9 /* Debug */ = {
			isa = XCBuildConfiguration;
			baseConfigurationReference = 9D0D4C0006E00BF783264B82 /* Pods-LiveStraming.debug.xcconfig */;
			buildSettings = {
				ASSETCATALOG_COMPILER_APPICON_NAME = AppIcon;
				CODE_SIGN_STYLE = Automatic;
				DEVELOPMENT_TEAM = BYAQT572T2;
				FRAMEWORK_SEARCH_PATHS = (
					"$(inherited)",
					"$(PROJECT_DIR)",
				);
				INFOPLIST_FILE = LiveStraming/Info.plist;
				IPHONEOS_DEPLOYMENT_TARGET = 9.0;
				LD_RUNPATH_SEARCH_PATHS = (
					"$(inherited)",
					"@executable_path/Frameworks",
				);
				PRODUCT_BUNDLE_IDENTIFIER = com.appExamples;
				PRODUCT_NAME = "$(TARGET_NAME)";
				SWIFT_VERSION = 4.2;
				TARGETED_DEVICE_FAMILY = 1;
			};
			name = Debug;
		};
		84ED578621E5D7EF00DBAAA9 /* Release */ = {
			isa = XCBuildConfiguration;
			baseConfigurationReference = 1B3A69DB129E7FB1FB1E80C4 /* Pods-LiveStraming.release.xcconfig */;
			buildSettings = {
				ASSETCATALOG_COMPILER_APPICON_NAME = AppIcon;
				CODE_SIGN_STYLE = Automatic;
				DEVELOPMENT_TEAM = BYAQT572T2;
				FRAMEWORK_SEARCH_PATHS = (
					"$(inherited)",
					"$(PROJECT_DIR)",
				);
				INFOPLIST_FILE = LiveStraming/Info.plist;
				IPHONEOS_DEPLOYMENT_TARGET = 9.0;
				LD_RUNPATH_SEARCH_PATHS = (
					"$(inherited)",
					"@executable_path/Frameworks",
				);
				PRODUCT_BUNDLE_IDENTIFIER = com.appExamples;
				PRODUCT_NAME = "$(TARGET_NAME)";
				SWIFT_VERSION = 4.2;
				TARGETED_DEVICE_FAMILY = 1;
			};
			name = Release;
		};
/* End XCBuildConfiguration section */

/* Begin XCConfigurationList section */
		84ED576D21E5D7EE00DBAAA9 /* Build configuration list for PBXProject "LiveStraming" */ = {
			isa = XCConfigurationList;
			buildConfigurations = (
				84ED578221E5D7EF00DBAAA9 /* Debug */,
				84ED578321E5D7EF00DBAAA9 /* Release */,
			);
			defaultConfigurationIsVisible = 0;
			defaultConfigurationName = Release;
		};
		84ED578421E5D7EF00DBAAA9 /* Build configuration list for PBXNativeTarget "LiveStraming" */ = {
			isa = XCConfigurationList;
			buildConfigurations = (
				84ED578521E5D7EF00DBAAA9 /* Debug */,
				84ED578621E5D7EF00DBAAA9 /* Release */,
			);
			defaultConfigurationIsVisible = 0;
			defaultConfigurationName = Release;
		};
/* End XCConfigurationList section */
	};
	rootObject = 84ED576A21E5D7EE00DBAAA9 /* Project object */;
}
